{
  "name": "playlistjs-sample",
  "lockfileVersion": 2,
  "requires": true,
  "packages": {
    "": {
      "dependencies": {
        "playlistjs-types": "^0.0.1"
      }
    },
    "node_modules/playlistjs-types": {
      "version": "0.0.1",
      "resolved": "https://registry.npmjs.org/playlistjs-types/-/playlistjs-types-0.0.1.tgz",
      "integrity": "sha512-q9KrDW55DLxiKVQMv8tyVrqCtoD9krBYrst1pXE72tWiyK2SlJnJAb82r9vcIupK1ErqBEviOIZhsq7rPRfdXA=="
    }
  },
  "dependencies": {
    "playlistjs-types": {
      "version": "0.0.1",
      "resolved": "https://registry.npmjs.org/playlistjs-types/-/playlistjs-types-0.0.1.tgz",
      "integrity": "sha512-q9KrDW55DLxiKVQMv8tyVrqCtoD9krBYrst1pXE72tWiyK2SlJnJAb82r9vcIupK1ErqBEviOIZhsq7rPRfdXA=="
    }
  }
}
